// !$*UTF8*$!
{
	archiveVersion = 1;
	classes = {
	};
	objectVersion = 46;
	objects = {

/* Begin PBXBuildFile section */
		CE3ADE85166F2EA900854362 /* banvas.conf in Resources */ = {isa = PBXBuildFile; fileRef = CE3ADE84166F2EA900854362 /* banvas.conf */; };
		CE3ADE87166F77A900854362 /* BAPeopleCategoryViewController.m in Sources */ = {isa = PBXBuildFile; fileRef = CE3ADE86166F77A900854362 /* BAPeopleCategoryViewController.m */; };
		CE43A088166A44D4007E6740 /* BAPeopleListViewCell.m in Sources */ = {isa = PBXBuildFile; fileRef = CE43A087166A44D4007E6740 /* BAPeopleListViewCell.m */; };
		CE628353165F9E4D00BD975E /* UIKit.framework in Frameworks */ = {isa = PBXBuildFile; fileRef = CE628352165F9E4D00BD975E /* UIKit.framework */; };
		CE628355165F9E4D00BD975E /* Foundation.framework in Frameworks */ = {isa = PBXBuildFile; fileRef = CE628354165F9E4D00BD975E /* Foundation.framework */; };
		CE628357165F9E4D00BD975E /* CoreGraphics.framework in Frameworks */ = {isa = PBXBuildFile; fileRef = CE628356165F9E4D00BD975E /* CoreGraphics.framework */; };
		CE62835D165F9E4D00BD975E /* InfoPlist.strings in Resources */ = {isa = PBXBuildFile; fileRef = CE62835B165F9E4D00BD975E /* InfoPlist.strings */; };
		CE62835F165F9E4D00BD975E /* main.m in Sources */ = {isa = PBXBuildFile; fileRef = CE62835E165F9E4D00BD975E /* main.m */; };
		CE628363165F9E4D00BD975E /* BAAppDelegate.m in Sources */ = {isa = PBXBuildFile; fileRef = CE628362165F9E4D00BD975E /* BAAppDelegate.m */; };
		CE628365165F9E4E00BD975E /* Default.png in Resources */ = {isa = PBXBuildFile; fileRef = CE628364165F9E4E00BD975E /* Default.png */; };
		CE628367165F9E4E00BD975E /* Default@2x.png in Resources */ = {isa = PBXBuildFile; fileRef = CE628366165F9E4E00BD975E /* Default@2x.png */; };
		CE628369165F9E4E00BD975E /* Default-568h@2x.png in Resources */ = {isa = PBXBuildFile; fileRef = CE628368165F9E4E00BD975E /* Default-568h@2x.png */; };
		CE62836C165F9E4E00BD975E /* MainStoryboard.storyboard in Resources */ = {isa = PBXBuildFile; fileRef = CE62836A165F9E4E00BD975E /* MainStoryboard.storyboard */; };
		CE628371165F9E4E00BD975E /* first.png in Resources */ = {isa = PBXBuildFile; fileRef = CE628370165F9E4E00BD975E /* first.png */; };
		CE628373165F9E4E00BD975E /* first@2x.png in Resources */ = {isa = PBXBuildFile; fileRef = CE628372165F9E4E00BD975E /* first@2x.png */; };
		CE628378165F9E4E00BD975E /* second.png in Resources */ = {isa = PBXBuildFile; fileRef = CE628377165F9E4E00BD975E /* second.png */; };
		CE62837A165F9E4E00BD975E /* second@2x.png in Resources */ = {isa = PBXBuildFile; fileRef = CE628379165F9E4E00BD975E /* second@2x.png */; };
		CE628382165F9E4E00BD975E /* SenTestingKit.framework in Frameworks */ = {isa = PBXBuildFile; fileRef = CE628381165F9E4E00BD975E /* SenTestingKit.framework */; };
		CE628383165F9E4E00BD975E /* UIKit.framework in Frameworks */ = {isa = PBXBuildFile; fileRef = CE628352165F9E4D00BD975E /* UIKit.framework */; };
		CE628384165F9E4E00BD975E /* Foundation.framework in Frameworks */ = {isa = PBXBuildFile; fileRef = CE628354165F9E4D00BD975E /* Foundation.framework */; };
		CE62838C165F9E4E00BD975E /* InfoPlist.strings in Resources */ = {isa = PBXBuildFile; fileRef = CE62838A165F9E4E00BD975E /* InfoPlist.strings */; };
		CE62838F165F9E4E00BD975E /* ios_banvasTests.m in Sources */ = {isa = PBXBuildFile; fileRef = CE62838E165F9E4E00BD975E /* ios_banvasTests.m */; };
		CE67E7AA1661053800FC7EBD /* personData.txt in Resources */ = {isa = PBXBuildFile; fileRef = CE67E7A91661053800FC7EBD /* personData.txt */; };
		CEB27CDA16605938000F175A /* BAPeopleListViewController.m in Sources */ = {isa = PBXBuildFile; fileRef = CEB27CD916605938000F175A /* BAPeopleListViewController.m */; };
		CEC6C52E1679821E0064A634 /* BATagUpdateViewController.m in Sources */ = {isa = PBXBuildFile; fileRef = CEC6C52D1679821E0064A634 /* BATagUpdateViewController.m */; };
		CEC6C5511679872B0064A634 /* libzbar.a in Frameworks */ = {isa = PBXBuildFile; fileRef = CEC6C54B1679872B0064A634 /* libzbar.a */; };
		CEC6C5521679872B0064A634 /* zbar-back.png in Resources */ = {isa = PBXBuildFile; fileRef = CEC6C54D1679872B0064A634 /* zbar-back.png */; };
		CEC6C5531679872B0064A634 /* zbar-help.html in Resources */ = {isa = PBXBuildFile; fileRef = CEC6C54E1679872B0064A634 /* zbar-help.html */; };
		CEC6C5541679872B0064A634 /* zbar-helpicons.png in Resources */ = {isa = PBXBuildFile; fileRef = CEC6C54F1679872B0064A634 /* zbar-helpicons.png */; };
		CEC6C5551679872B0064A634 /* zbar-samples.png in Resources */ = {isa = PBXBuildFile; fileRef = CEC6C5501679872B0064A634 /* zbar-samples.png */; };
		CEC6C5631679BF720064A634 /* BAScannerViewController.m in Sources */ = {isa = PBXBuildFile; fileRef = CEC6C5621679BF720064A634 /* BAScannerViewController.m */; };
		CEC6C5651679C1A00064A634 /* AVFoundation.framework in Frameworks */ = {isa = PBXBuildFile; fileRef = CEC6C5641679C1A00064A634 /* AVFoundation.framework */; };
		CEC6C5671679C1AE0064A634 /* CoreMedia.framework in Frameworks */ = {isa = PBXBuildFile; fileRef = CEC6C5661679C1AE0064A634 /* CoreMedia.framework */; };
		CEC6C5691679C1BF0064A634 /* CoreVideo.framework in Frameworks */ = {isa = PBXBuildFile; fileRef = CEC6C5681679C1BF0064A634 /* CoreVideo.framework */; };
		CEC6C56B1679C2EF0064A634 /* libiconv.dylib in Frameworks */ = {isa = PBXBuildFile; fileRef = CEC6C56A1679C2EF0064A634 /* libiconv.dylib */; };
		CECA43581660969C00EDA4E9 /* JSONKit.m in Sources */ = {isa = PBXBuildFile; fileRef = CECA43571660969C00EDA4E9 /* JSONKit.m */; settings = {COMPILER_FLAGS = "-fno-objc-arc"; }; };
		DF0497FB165FAF7A0047262E /* BADataSource.m in Sources */ = {isa = PBXBuildFile; fileRef = DF0497FA165FAF7A0047262E /* BADataSource.m */; };
		DF251392167DE08F00039A88 /* head@2x.png in Resources */ = {isa = PBXBuildFile; fileRef = DF251391167DE08F00039A88 /* head@2x.png */; };
		DF2513A0167DF33900039A88 /* 369426_100000239887063_1678032759_n.jpg in Resources */ = {isa = PBXBuildFile; fileRef = DF25139E167DF33900039A88 /* 369426_100000239887063_1678032759_n.jpg */; };
		DF2513A1167DF33900039A88 /* 369426_100000239887063_1678032759_q.jpg in Resources */ = {isa = PBXBuildFile; fileRef = DF25139F167DF33900039A88 /* 369426_100000239887063_1678032759_q.jpg */; };
		DF2D96181679116700CED61B /* back.png in Resources */ = {isa = PBXBuildFile; fileRef = DF2D96171679116700CED61B /* back.png */; };
		DF2D961A1679141000CED61B /* head.png in Resources */ = {isa = PBXBuildFile; fileRef = DF2D96191679141000CED61B /* head.png */; };
		DFF1E1F616634B48001555BF /* BACardViewController.m in Sources */ = {isa = PBXBuildFile; fileRef = DFF1E1F416634B48001555BF /* BACardViewController.m */; };
		DFF1E1FB16635F39001555BF /* BATestCellViewController.m in Sources */ = {isa = PBXBuildFile; fileRef = DFF1E1FA16635F39001555BF /* BATestCellViewController.m */; };
		DFF1E20116637B59001555BF /* QuartzCore.framework in Frameworks */ = {isa = PBXBuildFile; fileRef = DFF1E20016637B59001555BF /* QuartzCore.framework */; };
/* End PBXBuildFile section */

/* Begin PBXContainerItemProxy section */
		CE628385165F9E4E00BD975E /* PBXContainerItemProxy */ = {
			isa = PBXContainerItemProxy;
			containerPortal = CE628345165F9E4D00BD975E /* Project object */;
			proxyType = 1;
			remoteGlobalIDString = CE62834D165F9E4D00BD975E;
			remoteInfo = "ios-banvas";
		};
/* End PBXContainerItemProxy section */

/* Begin PBXFileReference section */
		CE3ADE84166F2EA900854362 /* banvas.conf */ = {isa = PBXFileReference; fileEncoding = 4; lastKnownFileType = text; path = banvas.conf; sourceTree = "<group>"; };
		CE3ADE86166F77A900854362 /* BAPeopleCategoryViewController.m */ = {isa = PBXFileReference; fileEncoding = 4; lastKnownFileType = sourcecode.c.objc; path = BAPeopleCategoryViewController.m; sourceTree = "<group>"; };
		CE43A086166A44D4007E6740 /* BAPeopleListViewCell.h */ = {isa = PBXFileReference; fileEncoding = 4; lastKnownFileType = sourcecode.c.h; path = BAPeopleListViewCell.h; sourceTree = "<group>"; };
		CE43A087166A44D4007E6740 /* BAPeopleListViewCell.m */ = {isa = PBXFileReference; fileEncoding = 4; lastKnownFileType = sourcecode.c.objc; path = BAPeopleListViewCell.m; sourceTree = "<group>"; };
		CE43A08F166AFD85007E6740 /* BAPeopleCategoryViewController.h */ = {isa = PBXFileReference; fileEncoding = 4; lastKnownFileType = sourcecode.c.h; path = BAPeopleCategoryViewController.h; sourceTree = "<group>"; };
		CE62834E165F9E4D00BD975E /* ios-banvas.app */ = {isa = PBXFileReference; explicitFileType = wrapper.application; includeInIndex = 0; path = "ios-banvas.app"; sourceTree = BUILT_PRODUCTS_DIR; };
		CE628352165F9E4D00BD975E /* UIKit.framework */ = {isa = PBXFileReference; lastKnownFileType = wrapper.framework; name = UIKit.framework; path = System/Library/Frameworks/UIKit.framework; sourceTree = SDKROOT; };
		CE628354165F9E4D00BD975E /* Foundation.framework */ = {isa = PBXFileReference; lastKnownFileType = wrapper.framework; name = Foundation.framework; path = System/Library/Frameworks/Foundation.framework; sourceTree = SDKROOT; };
		CE628356165F9E4D00BD975E /* CoreGraphics.framework */ = {isa = PBXFileReference; lastKnownFileType = wrapper.framework; name = CoreGraphics.framework; path = System/Library/Frameworks/CoreGraphics.framework; sourceTree = SDKROOT; };
		CE62835A165F9E4D00BD975E /* ios-banvas-Info.plist */ = {isa = PBXFileReference; lastKnownFileType = text.plist.xml; path = "ios-banvas-Info.plist"; sourceTree = "<group>"; };
		CE62835C165F9E4D00BD975E /* en */ = {isa = PBXFileReference; lastKnownFileType = text.plist.strings; name = en; path = en.lproj/InfoPlist.strings; sourceTree = "<group>"; };
		CE62835E165F9E4D00BD975E /* main.m */ = {isa = PBXFileReference; lastKnownFileType = sourcecode.c.objc; path = main.m; sourceTree = "<group>"; };
		CE628360165F9E4D00BD975E /* ios-banvas-Prefix.pch */ = {isa = PBXFileReference; lastKnownFileType = sourcecode.c.h; path = "ios-banvas-Prefix.pch"; sourceTree = "<group>"; };
		CE628361165F9E4D00BD975E /* BAAppDelegate.h */ = {isa = PBXFileReference; lastKnownFileType = sourcecode.c.h; path = BAAppDelegate.h; sourceTree = "<group>"; };
		CE628362165F9E4D00BD975E /* BAAppDelegate.m */ = {isa = PBXFileReference; lastKnownFileType = sourcecode.c.objc; path = BAAppDelegate.m; sourceTree = "<group>"; };
		CE628364165F9E4E00BD975E /* Default.png */ = {isa = PBXFileReference; lastKnownFileType = image.png; path = Default.png; sourceTree = "<group>"; };
		CE628366165F9E4E00BD975E /* Default@2x.png */ = {isa = PBXFileReference; lastKnownFileType = image.png; path = "Default@2x.png"; sourceTree = "<group>"; };
		CE628368165F9E4E00BD975E /* Default-568h@2x.png */ = {isa = PBXFileReference; lastKnownFileType = image.png; path = "Default-568h@2x.png"; sourceTree = "<group>"; };
		CE62836B165F9E4E00BD975E /* en */ = {isa = PBXFileReference; lastKnownFileType = file.storyboard; name = en; path = en.lproj/MainStoryboard.storyboard; sourceTree = "<group>"; };
		CE628370165F9E4E00BD975E /* first.png */ = {isa = PBXFileReference; lastKnownFileType = image.png; path = first.png; sourceTree = "<group>"; };
		CE628372165F9E4E00BD975E /* first@2x.png */ = {isa = PBXFileReference; lastKnownFileType = image.png; path = "first@2x.png"; sourceTree = "<group>"; };
		CE628377165F9E4E00BD975E /* second.png */ = {isa = PBXFileReference; lastKnownFileType = image.png; path = second.png; sourceTree = "<group>"; };
		CE628379165F9E4E00BD975E /* second@2x.png */ = {isa = PBXFileReference; lastKnownFileType = image.png; path = "second@2x.png"; sourceTree = "<group>"; };
		CE628380165F9E4E00BD975E /* ios-banvasTests.octest */ = {isa = PBXFileReference; explicitFileType = wrapper.cfbundle; includeInIndex = 0; path = "ios-banvasTests.octest"; sourceTree = BUILT_PRODUCTS_DIR; };
		CE628381165F9E4E00BD975E /* SenTestingKit.framework */ = {isa = PBXFileReference; lastKnownFileType = wrapper.framework; name = SenTestingKit.framework; path = Library/Frameworks/SenTestingKit.framework; sourceTree = DEVELOPER_DIR; };
		CE628389165F9E4E00BD975E /* ios-banvasTests-Info.plist */ = {isa = PBXFileReference; lastKnownFileType = text.plist.xml; path = "ios-banvasTests-Info.plist"; sourceTree = "<group>"; };
		CE62838B165F9E4E00BD975E /* en */ = {isa = PBXFileReference; lastKnownFileType = text.plist.strings; name = en; path = en.lproj/InfoPlist.strings; sourceTree = "<group>"; };
		CE62838D165F9E4E00BD975E /* ios_banvasTests.h */ = {isa = PBXFileReference; lastKnownFileType = sourcecode.c.h; path = ios_banvasTests.h; sourceTree = "<group>"; };
		CE62838E165F9E4E00BD975E /* ios_banvasTests.m */ = {isa = PBXFileReference; lastKnownFileType = sourcecode.c.objc; path = ios_banvasTests.m; sourceTree = "<group>"; };
		CE67E7A91661053800FC7EBD /* personData.txt */ = {isa = PBXFileReference; fileEncoding = 4; lastKnownFileType = text; path = personData.txt; sourceTree = "<group>"; };
		CEB27CD816605938000F175A /* BAPeopleListViewController.h */ = {isa = PBXFileReference; fileEncoding = 4; lastKnownFileType = sourcecode.c.h; path = BAPeopleListViewController.h; sourceTree = "<group>"; };
		CEB27CD916605938000F175A /* BAPeopleListViewController.m */ = {isa = PBXFileReference; fileEncoding = 4; lastKnownFileType = sourcecode.c.objc; path = BAPeopleListViewController.m; sourceTree = "<group>"; };
		CEC6C52C1679821E0064A634 /* BATagUpdateViewController.h */ = {isa = PBXFileReference; fileEncoding = 4; lastKnownFileType = sourcecode.c.h; path = BATagUpdateViewController.h; sourceTree = "<group>"; };
		CEC6C52D1679821E0064A634 /* BATagUpdateViewController.m */ = {isa = PBXFileReference; fileEncoding = 4; lastKnownFileType = sourcecode.c.objc; path = BATagUpdateViewController.m; sourceTree = "<group>"; };
		CEC6C5371679872B0064A634 /* Decoder.h */ = {isa = PBXFileReference; fileEncoding = 4; lastKnownFileType = sourcecode.c.h; path = Decoder.h; sourceTree = "<group>"; };
		CEC6C5381679872B0064A634 /* Exception.h */ = {isa = PBXFileReference; fileEncoding = 4; lastKnownFileType = sourcecode.c.h; path = Exception.h; sourceTree = "<group>"; };
		CEC6C5391679872B0064A634 /* Image.h */ = {isa = PBXFileReference; fileEncoding = 4; lastKnownFileType = sourcecode.c.h; path = Image.h; sourceTree = "<group>"; };
		CEC6C53A1679872B0064A634 /* ImageScanner.h */ = {isa = PBXFileReference; fileEncoding = 4; lastKnownFileType = sourcecode.c.h; path = ImageScanner.h; sourceTree = "<group>"; };
		CEC6C53B1679872B0064A634 /* Processor.h */ = {isa = PBXFileReference; fileEncoding = 4; lastKnownFileType = sourcecode.c.h; path = Processor.h; sourceTree = "<group>"; };
		CEC6C53C1679872B0064A634 /* Scanner.h */ = {isa = PBXFileReference; fileEncoding = 4; lastKnownFileType = sourcecode.c.h; path = Scanner.h; sourceTree = "<group>"; };
		CEC6C53D1679872B0064A634 /* Symbol.h */ = {isa = PBXFileReference; fileEncoding = 4; lastKnownFileType = sourcecode.c.h; path = Symbol.h; sourceTree = "<group>"; };
		CEC6C53E1679872B0064A634 /* Video.h */ = {isa = PBXFileReference; fileEncoding = 4; lastKnownFileType = sourcecode.c.h; path = Video.h; sourceTree = "<group>"; };
		CEC6C53F1679872B0064A634 /* Window.h */ = {isa = PBXFileReference; fileEncoding = 4; lastKnownFileType = sourcecode.c.h; path = Window.h; sourceTree = "<group>"; };
		CEC6C5401679872B0064A634 /* zbar.h */ = {isa = PBXFileReference; fileEncoding = 4; lastKnownFileType = sourcecode.c.h; path = zbar.h; sourceTree = "<group>"; };
		CEC6C5411679872B0064A634 /* ZBarCameraSimulator.h */ = {isa = PBXFileReference; fileEncoding = 4; lastKnownFileType = sourcecode.c.h; path = ZBarCameraSimulator.h; sourceTree = "<group>"; };
		CEC6C5421679872B0064A634 /* ZBarCaptureReader.h */ = {isa = PBXFileReference; fileEncoding = 4; lastKnownFileType = sourcecode.c.h; path = ZBarCaptureReader.h; sourceTree = "<group>"; };
		CEC6C5431679872B0064A634 /* ZBarHelpController.h */ = {isa = PBXFileReference; fileEncoding = 4; lastKnownFileType = sourcecode.c.h; path = ZBarHelpController.h; sourceTree = "<group>"; };
		CEC6C5441679872B0064A634 /* ZBarImage.h */ = {isa = PBXFileReference; fileEncoding = 4; lastKnownFileType = sourcecode.c.h; path = ZBarImage.h; sourceTree = "<group>"; };
		CEC6C5451679872B0064A634 /* ZBarImageScanner.h */ = {isa = PBXFileReference; fileEncoding = 4; lastKnownFileType = sourcecode.c.h; path = ZBarImageScanner.h; sourceTree = "<group>"; };
		CEC6C5461679872B0064A634 /* ZBarReaderController.h */ = {isa = PBXFileReference; fileEncoding = 4; lastKnownFileType = sourcecode.c.h; path = ZBarReaderController.h; sourceTree = "<group>"; };
		CEC6C5471679872B0064A634 /* ZBarReaderView.h */ = {isa = PBXFileReference; fileEncoding = 4; lastKnownFileType = sourcecode.c.h; path = ZBarReaderView.h; sourceTree = "<group>"; };
		CEC6C5481679872B0064A634 /* ZBarReaderViewController.h */ = {isa = PBXFileReference; fileEncoding = 4; lastKnownFileType = sourcecode.c.h; path = ZBarReaderViewController.h; sourceTree = "<group>"; };
		CEC6C5491679872B0064A634 /* ZBarSDK.h */ = {isa = PBXFileReference; fileEncoding = 4; lastKnownFileType = sourcecode.c.h; path = ZBarSDK.h; sourceTree = "<group>"; };
		CEC6C54A1679872B0064A634 /* ZBarSymbol.h */ = {isa = PBXFileReference; fileEncoding = 4; lastKnownFileType = sourcecode.c.h; path = ZBarSymbol.h; sourceTree = "<group>"; };
		CEC6C54B1679872B0064A634 /* libzbar.a */ = {isa = PBXFileReference; lastKnownFileType = archive.ar; path = libzbar.a; sourceTree = "<group>"; };
		CEC6C54D1679872B0064A634 /* zbar-back.png */ = {isa = PBXFileReference; lastKnownFileType = image.png; path = "zbar-back.png"; sourceTree = "<group>"; };
		CEC6C54E1679872B0064A634 /* zbar-help.html */ = {isa = PBXFileReference; fileEncoding = 4; lastKnownFileType = text.html; path = "zbar-help.html"; sourceTree = "<group>"; };
		CEC6C54F1679872B0064A634 /* zbar-helpicons.png */ = {isa = PBXFileReference; lastKnownFileType = image.png; path = "zbar-helpicons.png"; sourceTree = "<group>"; };
		CEC6C5501679872B0064A634 /* zbar-samples.png */ = {isa = PBXFileReference; lastKnownFileType = image.png; path = "zbar-samples.png"; sourceTree = "<group>"; };
		CEC6C5611679BF720064A634 /* BAScannerViewController.h */ = {isa = PBXFileReference; fileEncoding = 4; lastKnownFileType = sourcecode.c.h; path = BAScannerViewController.h; sourceTree = "<group>"; };
		CEC6C5621679BF720064A634 /* BAScannerViewController.m */ = {isa = PBXFileReference; fileEncoding = 4; lastKnownFileType = sourcecode.c.objc; path = BAScannerViewController.m; sourceTree = "<group>"; };
		CEC6C5641679C1A00064A634 /* AVFoundation.framework */ = {isa = PBXFileReference; lastKnownFileType = wrapper.framework; name = AVFoundation.framework; path = System/Library/Frameworks/AVFoundation.framework; sourceTree = SDKROOT; };
		CEC6C5661679C1AE0064A634 /* CoreMedia.framework */ = {isa = PBXFileReference; lastKnownFileType = wrapper.framework; name = CoreMedia.framework; path = System/Library/Frameworks/CoreMedia.framework; sourceTree = SDKROOT; };
		CEC6C5681679C1BF0064A634 /* CoreVideo.framework */ = {isa = PBXFileReference; lastKnownFileType = wrapper.framework; name = CoreVideo.framework; path = System/Library/Frameworks/CoreVideo.framework; sourceTree = SDKROOT; };
		CEC6C56A1679C2EF0064A634 /* libiconv.dylib */ = {isa = PBXFileReference; lastKnownFileType = "compiled.mach-o.dylib"; name = libiconv.dylib; path = usr/lib/libiconv.dylib; sourceTree = SDKROOT; };
		CECA43561660969C00EDA4E9 /* JSONKit.h */ = {isa = PBXFileReference; fileEncoding = 4; lastKnownFileType = sourcecode.c.h; path = JSONKit.h; sourceTree = "<group>"; };
		CECA43571660969C00EDA4E9 /* JSONKit.m */ = {isa = PBXFileReference; fileEncoding = 4; lastKnownFileType = sourcecode.c.objc; path = JSONKit.m; sourceTree = "<group>"; };
		DF0497F9165FAF7A0047262E /* BADataSource.h */ = {isa = PBXFileReference; fileEncoding = 4; lastKnownFileType = sourcecode.c.h; path = BADataSource.h; sourceTree = "<group>"; };
		DF0497FA165FAF7A0047262E /* BADataSource.m */ = {isa = PBXFileReference; fileEncoding = 4; lastKnownFileType = sourcecode.c.objc; path = BADataSource.m; sourceTree = "<group>"; };
		DF251391167DE08F00039A88 /* head@2x.png */ = {isa = PBXFileReference; lastKnownFileType = image.png; path = "head@2x.png"; sourceTree = "<group>"; };
		DF25139E167DF33900039A88 /* 369426_100000239887063_1678032759_n.jpg */ = {isa = PBXFileReference; lastKnownFileType = image.jpeg; path = 369426_100000239887063_1678032759_n.jpg; sourceTree = "<group>"; };
		DF25139F167DF33900039A88 /* 369426_100000239887063_1678032759_q.jpg */ = {isa = PBXFileReference; lastKnownFileType = image.jpeg; path = 369426_100000239887063_1678032759_q.jpg; sourceTree = "<group>"; };
		DF2D96171679116700CED61B /* back.png */ = {isa = PBXFileReference; lastKnownFileType = image.png; path = back.png; sourceTree = "<group>"; };
		DF2D96191679141000CED61B /* head.png */ = {isa = PBXFileReference; lastKnownFileType = image.png; path = head.png; sourceTree = "<group>"; };
		DFF1E1F316634B48001555BF /* BACardViewController.h */ = {isa = PBXFileReference; fileEncoding = 4; lastKnownFileType = sourcecode.c.h; path = BACardViewController.h; sourceTree = "<group>"; };
		DFF1E1F416634B48001555BF /* BACardViewController.m */ = {isa = PBXFileReference; fileEncoding = 4; lastKnownFileType = sourcecode.c.objc; path = BACardViewController.m; sourceTree = "<group>"; };
		DFF1E1F916635F39001555BF /* BATestCellViewController.h */ = {isa = PBXFileReference; fileEncoding = 4; lastKnownFileType = sourcecode.c.h; path = BATestCellViewController.h; sourceTree = "<group>"; };
		DFF1E1FA16635F39001555BF /* BATestCellViewController.m */ = {isa = PBXFileReference; fileEncoding = 4; lastKnownFileType = sourcecode.c.objc; path = BATestCellViewController.m; sourceTree = "<group>"; };
		DFF1E20016637B59001555BF /* QuartzCore.framework */ = {isa = PBXFileReference; lastKnownFileType = wrapper.framework; name = QuartzCore.framework; path = System/Library/Frameworks/QuartzCore.framework; sourceTree = SDKROOT; };
/* End PBXFileReference section */

/* Begin PBXFrameworksBuildPhase section */
		CE62834B165F9E4D00BD975E /* Frameworks */ = {
			isa = PBXFrameworksBuildPhase;
			buildActionMask = 2147483647;
			files = (
				CEC6C5651679C1A00064A634 /* AVFoundation.framework in Frameworks */,
				CEC6C5671679C1AE0064A634 /* CoreMedia.framework in Frameworks */,
				CEC6C5691679C1BF0064A634 /* CoreVideo.framework in Frameworks */,
				DFF1E20116637B59001555BF /* QuartzCore.framework in Frameworks */,
				CEC6C56B1679C2EF0064A634 /* libiconv.dylib in Frameworks */,
				CE628353165F9E4D00BD975E /* UIKit.framework in Frameworks */,
				CE628355165F9E4D00BD975E /* Foundation.framework in Frameworks */,
				CE628357165F9E4D00BD975E /* CoreGraphics.framework in Frameworks */,
				CEC6C5511679872B0064A634 /* libzbar.a in Frameworks */,
			);
			runOnlyForDeploymentPostprocessing = 0;
		};
		CE62837C165F9E4E00BD975E /* Frameworks */ = {
			isa = PBXFrameworksBuildPhase;
			buildActionMask = 2147483647;
			files = (
				CE628382165F9E4E00BD975E /* SenTestingKit.framework in Frameworks */,
				CE628383165F9E4E00BD975E /* UIKit.framework in Frameworks */,
				CE628384165F9E4E00BD975E /* Foundation.framework in Frameworks */,
			);
			runOnlyForDeploymentPostprocessing = 0;
		};
/* End PBXFrameworksBuildPhase section */

/* Begin PBXGroup section */
		CE43A084166A4165007E6740 /* ListView */ = {
			isa = PBXGroup;
			children = (
				CEC6C52B167982040064A634 /* tagUpdate */,
				CE43A086166A44D4007E6740 /* BAPeopleListViewCell.h */,
				CE43A087166A44D4007E6740 /* BAPeopleListViewCell.m */,
				CEB27CD816605938000F175A /* BAPeopleListViewController.h */,
				CEB27CD916605938000F175A /* BAPeopleListViewController.m */,
				CE43A08F166AFD85007E6740 /* BAPeopleCategoryViewController.h */,
				CE3ADE86166F77A900854362 /* BAPeopleCategoryViewController.m */,
			);
			name = ListView;
			sourceTree = "<group>";
		};
		CE628343165F9E4D00BD975E = {
			isa = PBXGroup;
			children = (
				DFF1E1F816635F19001555BF /* For test */,
				CE628358165F9E4D00BD975E /* ios-banvas */,
				CE628387165F9E4E00BD975E /* ios-banvasTests */,
				CE628351165F9E4D00BD975E /* Frameworks */,
				CE62834F165F9E4D00BD975E /* Products */,
			);
			sourceTree = "<group>";
		};
		CE62834F165F9E4D00BD975E /* Products */ = {
			isa = PBXGroup;
			children = (
				CE62834E165F9E4D00BD975E /* ios-banvas.app */,
				CE628380165F9E4E00BD975E /* ios-banvasTests.octest */,
			);
			name = Products;
			sourceTree = "<group>";
		};
		CE628351165F9E4D00BD975E /* Frameworks */ = {
			isa = PBXGroup;
			children = (
				CEC6C56A1679C2EF0064A634 /* libiconv.dylib */,
				CEC6C5641679C1A00064A634 /* AVFoundation.framework */,
				CEC6C5681679C1BF0064A634 /* CoreVideo.framework */,
				CEC6C5661679C1AE0064A634 /* CoreMedia.framework */,
				DFF1E20016637B59001555BF /* QuartzCore.framework */,
				CE628352165F9E4D00BD975E /* UIKit.framework */,
				CE628354165F9E4D00BD975E /* Foundation.framework */,
				CE628356165F9E4D00BD975E /* CoreGraphics.framework */,
				CE628381165F9E4E00BD975E /* SenTestingKit.framework */,
			);
			name = Frameworks;
			sourceTree = "<group>";
		};
		CE628358165F9E4D00BD975E /* ios-banvas */ = {
			isa = PBXGroup;
			children = (
				DF251398167DEEF100039A88 /* Picture */,
				CEC6C556167989700064A634 /* CameraTab */,
				CEC6C5331679872B0064A634 /* ZBarSDK */,
				CE43A084166A4165007E6740 /* ListView */,
				DFF1E1F216634AFE001555BF /* CardView */,
				DFF1E1F0166340F4001555BF /* UIImages */,
				CECA43541660964F00EDA4E9 /* JSONKit */,
				DF049800165FBF720047262E /* DataImages */,
				DF0497F7165FAF540047262E /* DataSource */,
				CE628361165F9E4D00BD975E /* BAAppDelegate.h */,
				CE628362165F9E4D00BD975E /* BAAppDelegate.m */,
				CE62836A165F9E4E00BD975E /* MainStoryboard.storyboard */,
				CE628370165F9E4E00BD975E /* first.png */,
				CE628372165F9E4E00BD975E /* first@2x.png */,
				CE628377165F9E4E00BD975E /* second.png */,
				CE628379165F9E4E00BD975E /* second@2x.png */,
				CE628359165F9E4D00BD975E /* Supporting Files */,
			);
			path = "ios-banvas";
			sourceTree = "<group>";
		};
		CE628359165F9E4D00BD975E /* Supporting Files */ = {
			isa = PBXGroup;
			children = (
				CE62835A165F9E4D00BD975E /* ios-banvas-Info.plist */,
				CE62835B165F9E4D00BD975E /* InfoPlist.strings */,
				CE62835E165F9E4D00BD975E /* main.m */,
				CE628360165F9E4D00BD975E /* ios-banvas-Prefix.pch */,
				CE628364165F9E4E00BD975E /* Default.png */,
				CE628366165F9E4E00BD975E /* Default@2x.png */,
				CE628368165F9E4E00BD975E /* Default-568h@2x.png */,
			);
			name = "Supporting Files";
			sourceTree = "<group>";
		};
		CE628387165F9E4E00BD975E /* ios-banvasTests */ = {
			isa = PBXGroup;
			children = (
				CE62838D165F9E4E00BD975E /* ios_banvasTests.h */,
				CE62838E165F9E4E00BD975E /* ios_banvasTests.m */,
				CE628388165F9E4E00BD975E /* Supporting Files */,
			);
			path = "ios-banvasTests";
			sourceTree = "<group>";
		};
		CE628388165F9E4E00BD975E /* Supporting Files */ = {
			isa = PBXGroup;
			children = (
				CE628389165F9E4E00BD975E /* ios-banvasTests-Info.plist */,
				CE62838A165F9E4E00BD975E /* InfoPlist.strings */,
			);
			name = "Supporting Files";
			sourceTree = "<group>";
		};
		CEC6C52B167982040064A634 /* tagUpdate */ = {
			isa = PBXGroup;
			children = (
				CEC6C52C1679821E0064A634 /* BATagUpdateViewController.h */,
				CEC6C52D1679821E0064A634 /* BATagUpdateViewController.m */,
			);
			name = tagUpdate;
			sourceTree = "<group>";
		};
		CEC6C5331679872B0064A634 /* ZBarSDK */ = {
			isa = PBXGroup;
			children = (
				CEC6C5341679872B0064A634 /* Headers */,
				CEC6C54B1679872B0064A634 /* libzbar.a */,
				CEC6C54C1679872B0064A634 /* Resources */,
			);
			path = ZBarSDK;
			sourceTree = "<group>";
		};
		CEC6C5341679872B0064A634 /* Headers */ = {
			isa = PBXGroup;
			children = (
				CEC6C5351679872B0064A634 /* ZBarSDK */,
			);
			path = Headers;
			sourceTree = "<group>";
		};
		CEC6C5351679872B0064A634 /* ZBarSDK */ = {
			isa = PBXGroup;
			children = (
				CEC6C5361679872B0064A634 /* zbar */,
				CEC6C5401679872B0064A634 /* zbar.h */,
				CEC6C5411679872B0064A634 /* ZBarCameraSimulator.h */,
				CEC6C5421679872B0064A634 /* ZBarCaptureReader.h */,
				CEC6C5431679872B0064A634 /* ZBarHelpController.h */,
				CEC6C5441679872B0064A634 /* ZBarImage.h */,
				CEC6C5451679872B0064A634 /* ZBarImageScanner.h */,
				CEC6C5461679872B0064A634 /* ZBarReaderController.h */,
				CEC6C5471679872B0064A634 /* ZBarReaderView.h */,
				CEC6C5481679872B0064A634 /* ZBarReaderViewController.h */,
				CEC6C5491679872B0064A634 /* ZBarSDK.h */,
				CEC6C54A1679872B0064A634 /* ZBarSymbol.h */,
			);
			path = ZBarSDK;
			sourceTree = "<group>";
		};
		CEC6C5361679872B0064A634 /* zbar */ = {
			isa = PBXGroup;
			children = (
				CEC6C5371679872B0064A634 /* Decoder.h */,
				CEC6C5381679872B0064A634 /* Exception.h */,
				CEC6C5391679872B0064A634 /* Image.h */,
				CEC6C53A1679872B0064A634 /* ImageScanner.h */,
				CEC6C53B1679872B0064A634 /* Processor.h */,
				CEC6C53C1679872B0064A634 /* Scanner.h */,
				CEC6C53D1679872B0064A634 /* Symbol.h */,
				CEC6C53E1679872B0064A634 /* Video.h */,
				CEC6C53F1679872B0064A634 /* Window.h */,
			);
			path = zbar;
			sourceTree = "<group>";
		};
		CEC6C54C1679872B0064A634 /* Resources */ = {
			isa = PBXGroup;
			children = (
				CEC6C54D1679872B0064A634 /* zbar-back.png */,
				CEC6C54E1679872B0064A634 /* zbar-help.html */,
				CEC6C54F1679872B0064A634 /* zbar-helpicons.png */,
				CEC6C5501679872B0064A634 /* zbar-samples.png */,
			);
			path = Resources;
			sourceTree = "<group>";
		};
		CEC6C556167989700064A634 /* CameraTab */ = {
			isa = PBXGroup;
			children = (
				CEC6C5611679BF720064A634 /* BAScannerViewController.h */,
				CEC6C5621679BF720064A634 /* BAScannerViewController.m */,
			);
			name = CameraTab;
			sourceTree = "<group>";
		};
		CECA43541660964F00EDA4E9 /* JSONKit */ = {
			isa = PBXGroup;
			children = (
				CECA43561660969C00EDA4E9 /* JSONKit.h */,
				CECA43571660969C00EDA4E9 /* JSONKit.m */,
			);
			name = JSONKit;
			sourceTree = "<group>";
		};
		DF0497F7165FAF540047262E /* DataSource */ = {
			isa = PBXGroup;
			children = (
				DF0497F9165FAF7A0047262E /* BADataSource.h */,
				DF0497FA165FAF7A0047262E /* BADataSource.m */,
				CE67E7A91661053800FC7EBD /* personData.txt */,
				CE3ADE84166F2EA900854362 /* banvas.conf */,
			);
			name = DataSource;
			sourceTree = "<group>";
		};
		DF049800165FBF720047262E /* DataImages */ = {
			isa = PBXGroup;
			children = (
			);
			name = DataImages;
			sourceTree = "<group>";
		};
		DF251398167DEEF100039A88 /* Picture */ = {
			isa = PBXGroup;
			children = (
				DF25139E167DF33900039A88 /* 369426_100000239887063_1678032759_n.jpg */,
				DF25139F167DF33900039A88 /* 369426_100000239887063_1678032759_q.jpg */,
			);
			name = Picture;
			sourceTree = "<group>";
		};
		DFF1E1F0166340F4001555BF /* UIImages */ = {
			isa = PBXGroup;
			children = (
			);
			name = UIImages;
			sourceTree = "<group>";
		};
		DFF1E1F216634AFE001555BF /* CardView */ = {
			isa = PBXGroup;
			children = (
				DF251391167DE08F00039A88 /* head@2x.png */,
				DF2D96191679141000CED61B /* head.png */,
				DF2D96171679116700CED61B /* back.png */,
				DFF1E1F316634B48001555BF /* BACardViewController.h */,
				DFF1E1F416634B48001555BF /* BACardViewController.m */,
			);
			name = CardView;
			sourceTree = "<group>";
		};
		DFF1E1F816635F19001555BF /* For test */ = {
			isa = PBXGroup;
			children = (
				DFF1E1F916635F39001555BF /* BATestCellViewController.h */,
				DFF1E1FA16635F39001555BF /* BATestCellViewController.m */,
			);
			name = "For test";
			path = "ios-banvas";
			sourceTree = "<group>";
		};
/* End PBXGroup section */

/* Begin PBXNativeTarget section */
		CE62834D165F9E4D00BD975E /* ios-banvas */ = {
			isa = PBXNativeTarget;
			buildConfigurationList = CE628392165F9E4E00BD975E /* Build configuration list for PBXNativeTarget "ios-banvas" */;
			buildPhases = (
				CE62834A165F9E4D00BD975E /* Sources */,
				CE62834B165F9E4D00BD975E /* Frameworks */,
				CE62834C165F9E4D00BD975E /* Resources */,
			);
			buildRules = (
			);
			dependencies = (
			);
			name = "ios-banvas";
			productName = "ios-banvas";
			productReference = CE62834E165F9E4D00BD975E /* ios-banvas.app */;
			productType = "com.apple.product-type.application";
		};
		CE62837F165F9E4E00BD975E /* ios-banvasTests */ = {
			isa = PBXNativeTarget;
			buildConfigurationList = CE628395165F9E4E00BD975E /* Build configuration list for PBXNativeTarget "ios-banvasTests" */;
			buildPhases = (
				CE62837B165F9E4E00BD975E /* Sources */,
				CE62837C165F9E4E00BD975E /* Frameworks */,
				CE62837D165F9E4E00BD975E /* Resources */,
				CE62837E165F9E4E00BD975E /* ShellScript */,
			);
			buildRules = (
			);
			dependencies = (
				CE628386165F9E4E00BD975E /* PBXTargetDependency */,
			);
			name = "ios-banvasTests";
			productName = "ios-banvasTests";
			productReference = CE628380165F9E4E00BD975E /* ios-banvasTests.octest */;
			productType = "com.apple.product-type.bundle";
		};
/* End PBXNativeTarget section */

/* Begin PBXProject section */
		CE628345165F9E4D00BD975E /* Project object */ = {
			isa = PBXProject;
			attributes = {
				CLASSPREFIX = BA;
				LastUpgradeCheck = 0450;
				ORGANIZATIONNAME = lintseju;
			};
			buildConfigurationList = CE628348165F9E4D00BD975E /* Build configuration list for PBXProject "ios-banvas" */;
			compatibilityVersion = "Xcode 3.2";
			developmentRegion = English;
			hasScannedForEncodings = 0;
			knownRegions = (
				en,
			);
			mainGroup = CE628343165F9E4D00BD975E;
			productRefGroup = CE62834F165F9E4D00BD975E /* Products */;
			projectDirPath = "";
			projectRoot = "";
			targets = (
				CE62834D165F9E4D00BD975E /* ios-banvas */,
				CE62837F165F9E4E00BD975E /* ios-banvasTests */,
			);
		};
/* End PBXProject section */

/* Begin PBXResourcesBuildPhase section */
		CE62834C165F9E4D00BD975E /* Resources */ = {
			isa = PBXResourcesBuildPhase;
			buildActionMask = 2147483647;
			files = (
				CE62835D165F9E4D00BD975E /* InfoPlist.strings in Resources */,
				CE628365165F9E4E00BD975E /* Default.png in Resources */,
				CE628367165F9E4E00BD975E /* Default@2x.png in Resources */,
				CE628369165F9E4E00BD975E /* Default-568h@2x.png in Resources */,
				CE62836C165F9E4E00BD975E /* MainStoryboard.storyboard in Resources */,
				CE628371165F9E4E00BD975E /* first.png in Resources */,
				CE628373165F9E4E00BD975E /* first@2x.png in Resources */,
				CE628378165F9E4E00BD975E /* second.png in Resources */,
				CE62837A165F9E4E00BD975E /* second@2x.png in Resources */,
				CE67E7AA1661053800FC7EBD /* personData.txt in Resources */,
				CE3ADE85166F2EA900854362 /* banvas.conf in Resources */,
				DF2D96181679116700CED61B /* back.png in Resources */,
				DF2D961A1679141000CED61B /* head.png in Resources */,
				CEC6C5521679872B0064A634 /* zbar-back.png in Resources */,
				CEC6C5531679872B0064A634 /* zbar-help.html in Resources */,
				CEC6C5541679872B0064A634 /* zbar-helpicons.png in Resources */,
				CEC6C5551679872B0064A634 /* zbar-samples.png in Resources */,
				DF251392167DE08F00039A88 /* head@2x.png in Resources */,
				DF2513A0167DF33900039A88 /* 369426_100000239887063_1678032759_n.jpg in Resources */,
				DF2513A1167DF33900039A88 /* 369426_100000239887063_1678032759_q.jpg in Resources */,
			);
			runOnlyForDeploymentPostprocessing = 0;
		};
		CE62837D165F9E4E00BD975E /* Resources */ = {
			isa = PBXResourcesBuildPhase;
			buildActionMask = 2147483647;
			files = (
				CE62838C165F9E4E00BD975E /* InfoPlist.strings in Resources */,
			);
			runOnlyForDeploymentPostprocessing = 0;
		};
/* End PBXResourcesBuildPhase section */

/* Begin PBXShellScriptBuildPhase section */
		CE62837E165F9E4E00BD975E /* ShellScript */ = {
			isa = PBXShellScriptBuildPhase;
			buildActionMask = 2147483647;
			files = (
			);
			inputPaths = (
			);
			outputPaths = (
			);
			runOnlyForDeploymentPostprocessing = 0;
			shellPath = /bin/sh;
			shellScript = "# Run the unit tests in this test bundle.\n\"${SYSTEM_DEVELOPER_DIR}/Tools/RunUnitTests\"\n";
		};
/* End PBXShellScriptBuildPhase section */

/* Begin PBXSourcesBuildPhase section */
		CE62834A165F9E4D00BD975E /* Sources */ = {
			isa = PBXSourcesBuildPhase;
			buildActionMask = 2147483647;
			files = (
				CE62835F165F9E4D00BD975E /* main.m in Sources */,
				CE628363165F9E4D00BD975E /* BAAppDelegate.m in Sources */,
				DF0497FB165FAF7A0047262E /* BADataSource.m in Sources */,
				CEB27CDA16605938000F175A /* BAPeopleListViewController.m in Sources */,
				CECA43581660969C00EDA4E9 /* JSONKit.m in Sources */,
				DFF1E1F616634B48001555BF /* BACardViewController.m in Sources */,
				DFF1E1FB16635F39001555BF /* BATestCellViewController.m in Sources */,
				CE43A088166A44D4007E6740 /* BAPeopleListViewCell.m in Sources */,
				CE3ADE87166F77A900854362 /* BAPeopleCategoryViewController.m in Sources */,
				CEC6C52E1679821E0064A634 /* BATagUpdateViewController.m in Sources */,
				CEC6C5631679BF720064A634 /* BAScannerViewController.m in Sources */,
			);
			runOnlyForDeploymentPostprocessing = 0;
		};
		CE62837B165F9E4E00BD975E /* Sources */ = {
			isa = PBXSourcesBuildPhase;
			buildActionMask = 2147483647;
			files = (
				CE62838F165F9E4E00BD975E /* ios_banvasTests.m in Sources */,
			);
			runOnlyForDeploymentPostprocessing = 0;
		};
/* End PBXSourcesBuildPhase section */

/* Begin PBXTargetDependency section */
		CE628386165F9E4E00BD975E /* PBXTargetDependency */ = {
			isa = PBXTargetDependency;
			target = CE62834D165F9E4D00BD975E /* ios-banvas */;
			targetProxy = CE628385165F9E4E00BD975E /* PBXContainerItemProxy */;
		};
/* End PBXTargetDependency section */

/* Begin PBXVariantGroup section */
		CE62835B165F9E4D00BD975E /* InfoPlist.strings */ = {
			isa = PBXVariantGroup;
			children = (
				CE62835C165F9E4D00BD975E /* en */,
			);
			name = InfoPlist.strings;
			sourceTree = "<group>";
		};
		CE62836A165F9E4E00BD975E /* MainStoryboard.storyboard */ = {
			isa = PBXVariantGroup;
			children = (
				CE62836B165F9E4E00BD975E /* en */,
			);
			name = MainStoryboard.storyboard;
			sourceTree = "<group>";
		};
		CE62838A165F9E4E00BD975E /* InfoPlist.strings */ = {
			isa = PBXVariantGroup;
			children = (
				CE62838B165F9E4E00BD975E /* en */,
			);
			name = InfoPlist.strings;
			sourceTree = "<group>";
		};
/* End PBXVariantGroup section */

/* Begin XCBuildConfiguration section */
		CE628390165F9E4E00BD975E /* Debug */ = {
			isa = XCBuildConfiguration;
			buildSettings = {
				ALWAYS_SEARCH_USER_PATHS = NO;
				CLANG_CXX_LANGUAGE_STANDARD = "gnu++0x";
				CLANG_CXX_LIBRARY = "libc++";
				CLANG_ENABLE_OBJC_ARC = YES;
				CLANG_WARN_EMPTY_BODY = YES;
				CLANG_WARN__DUPLICATE_METHOD_MATCH = YES;
				"CODE_SIGN_IDENTITY[sdk=iphoneos*]" = "iPhone Developer";
				COPY_PHASE_STRIP = NO;
				GCC_C_LANGUAGE_STANDARD = gnu99;
				GCC_DYNAMIC_NO_PIC = NO;
				GCC_OPTIMIZATION_LEVEL = 0;
				GCC_PREPROCESSOR_DEFINITIONS = (
					"DEBUG=1",
					"$(inherited)",
				);
				GCC_SYMBOLS_PRIVATE_EXTERN = NO;
				GCC_WARN_ABOUT_RETURN_TYPE = YES;
				GCC_WARN_UNINITIALIZED_AUTOS = YES;
				GCC_WARN_UNUSED_VARIABLE = YES;
				IPHONEOS_DEPLOYMENT_TARGET = 6.0;
				ONLY_ACTIVE_ARCH = YES;
				SDKROOT = iphoneos;
			};
			name = Debug;
		};
		CE628391165F9E4E00BD975E /* Release */ = {
			isa = XCBuildConfiguration;
			buildSettings = {
				ALWAYS_SEARCH_USER_PATHS = NO;
				CLANG_CXX_LANGUAGE_STANDARD = "gnu++0x";
				CLANG_CXX_LIBRARY = "libc++";
				CLANG_ENABLE_OBJC_ARC = YES;
				CLANG_WARN_EMPTY_BODY = YES;
				CLANG_WARN__DUPLICATE_METHOD_MATCH = YES;
				"CODE_SIGN_IDENTITY[sdk=iphoneos*]" = "iPhone Developer";
				COPY_PHASE_STRIP = YES;
				GCC_C_LANGUAGE_STANDARD = gnu99;
				GCC_WARN_ABOUT_RETURN_TYPE = YES;
				GCC_WARN_UNINITIALIZED_AUTOS = YES;
				GCC_WARN_UNUSED_VARIABLE = YES;
				IPHONEOS_DEPLOYMENT_TARGET = 6.0;
				OTHER_CFLAGS = "-DNS_BLOCK_ASSERTIONS=1";
				SDKROOT = iphoneos;
				VALIDATE_PRODUCT = YES;
			};
			name = Release;
		};
		CE628393165F9E4E00BD975E /* Debug */ = {
			isa = XCBuildConfiguration;
			buildSettings = {
				GCC_PRECOMPILE_PREFIX_HEADER = YES;
				GCC_PREFIX_HEADER = "ios-banvas/ios-banvas-Prefix.pch";
				INFOPLIST_FILE = "ios-banvas/ios-banvas-Info.plist";
				IPHONEOS_DEPLOYMENT_TARGET = 5.1;
				LIBRARY_SEARCH_PATHS = (
					"$(inherited)",
					"\"$(SRCROOT)/ios-banvas/ZBarSDK\"",
				);
				PRODUCT_NAME = "$(TARGET_NAME)";
				WRAPPER_EXTENSION = app;
			};
			name = Debug;
		};
		CE628394165F9E4E00BD975E /* Release */ = {
			isa = XCBuildConfiguration;
			buildSettings = {
				GCC_PRECOMPILE_PREFIX_HEADER = YES;
				GCC_PREFIX_HEADER = "ios-banvas/ios-banvas-Prefix.pch";
				INFOPLIST_FILE = "ios-banvas/ios-banvas-Info.plist";
				IPHONEOS_DEPLOYMENT_TARGET = 5.1;
				LIBRARY_SEARCH_PATHS = (
					"$(inherited)",
					"\"$(SRCROOT)/ios-banvas/ZBarSDK\"",
				);
				PRODUCT_NAME = "$(TARGET_NAME)";
				WRAPPER_EXTENSION = app;
			};
			name = Release;
		};
		CE628396165F9E4E00BD975E /* Debug */ = {
			isa = XCBuildConfiguration;
			buildSettings = {
				BUNDLE_LOADER = "$(BUILT_PRODUCTS_DIR)/ios-banvas.app/ios-banvas";
				FRAMEWORK_SEARCH_PATHS = (
					"\"$(SDKROOT)/Developer/Library/Frameworks\"",
					"\"$(DEVELOPER_LIBRARY_DIR)/Frameworks\"",
				);
				GCC_PRECOMPILE_PREFIX_HEADER = YES;
				GCC_PREFIX_HEADER = "ios-banvas/ios-banvas-Prefix.pch";
				INFOPLIST_FILE = "ios-banvasTests/ios-banvasTests-Info.plist";
				PRODUCT_NAME = "$(TARGET_NAME)";
				TEST_HOST = "$(BUNDLE_LOADER)";
				WRAPPER_EXTENSION = octest;
			};
			name = Debug;
		};
		CE628397165F9E4E00BD975E /* Release */ = {
			isa = XCBuildConfiguration;
			buildSettings = {
				BUNDLE_LOADER = "$(BUILT_PRODUCTS_DIR)/ios-banvas.app/ios-banvas";
				FRAMEWORK_SEARCH_PATHS = (
					"\"$(SDKROOT)/Developer/Library/Frameworks\"",
					"\"$(DEVELOPER_LIBRARY_DIR)/Frameworks\"",
				);
				GCC_PRECOMPILE_PREFIX_HEADER = YES;
				GCC_PREFIX_HEADER = "ios-banvas/ios-banvas-Prefix.pch";
				INFOPLIST_FILE = "ios-banvasTests/ios-banvasTests-Info.plist";
				PRODUCT_NAME = "$(TARGET_NAME)";
				TEST_HOST = "$(BUNDLE_LOADER)";
				WRAPPER_EXTENSION = octest;
			};
			name = Release;
		};
/* End XCBuildConfiguration section */

/* Begin XCConfigurationList section */
		CE628348165F9E4D00BD975E /* Build configuration list for PBXProject "ios-banvas" */ = {
			isa = XCConfigurationList;
			buildConfigurations = (
				CE628390165F9E4E00BD975E /* Debug */,
				CE628391165F9E4E00BD975E /* Release */,
			);
			defaultConfigurationIsVisible = 0;
			defaultConfigurationName = Release;
		};
		CE628392165F9E4E00BD975E /* Build configuration list for PBXNativeTarget "ios-banvas" */ = {
			isa = XCConfigurationList;
			buildConfigurations = (
				CE628393165F9E4E00BD975E /* Debug */,
				CE628394165F9E4E00BD975E /* Release */,
			);
			defaultConfigurationIsVisible = 0;
			defaultConfigurationName = Release;
		};
		CE628395165F9E4E00BD975E /* Build configuration list for PBXNativeTarget "ios-banvasTests" */ = {
			isa = XCConfigurationList;
			buildConfigurations = (
				CE628396165F9E4E00BD975E /* Debug */,
				CE628397165F9E4E00BD975E /* Release */,
			);
			defaultConfigurationIsVisible = 0;
			defaultConfigurationName = Release;
		};
/* End XCConfigurationList section */
	};
	rootObject = CE628345165F9E4D00BD975E /* Project object */;
}
